
Microsoft Visual Studio Solution File, Format Version 12.00
# Visual Studio Version 16
VisualStudioVersion = 16.0.808.7
MinimumVisualStudioVersion = 10.0.40219.1
Project("{FAE04EC0-301F-11D3-BF4B-00C04F79EFBC}") = "Bakery", "Bakery\Bakery.csproj", "{2555938E-9520-40B6-9797-639CC49FA7AE}"
EndProject
Global
	GlobalSection(SolutionConfigurationPlatforms) = preSolution
		Debug|Any CPU = Debug|Any CPU
		Release|Any CPU = Release|Any CPU
	EndGlobalSection
	GlobalSection(ProjectConfigurationPlatforms) = postSolution
		{2555938E-9520-40B6-9797-639CC49FA7AE}.Debug|Any CPU.ActiveCfg = Debug|Any CPU
		{2555938E-9520-40B6-9797-639CC49FA7AE}.Debug|Any CPU.Build.0 = Debug|Any CPU
		{2555938E-9520-40B6-9797-639CC49FA7AE}.Release|Any CPU.ActiveCfg = Release|Any CPU
		{2555938E-9520-40B6-9797-639CC49FA7AE}.Release|Any CPU.Build.0 = Release|Any CPU
	EndGlobalSection
	GlobalSection(SolutionProperties) = preSolution
		HideSolutionNode = FALSE
	EndGlobalSection
	GlobalSection(ExtensibilityGlobals) = postSolution
		SolutionGuid = {23E3AEA4-4FD4-4823-93F6-8F1C018A2D7C}
	EndGlobalSection
EndGlobal
